{
  "version": 4,
  "terraform_version": "1.3.9",
  "serial": 410,
  "lineage": "4713ca5e-8f08-acf2-8d59-fb7724d2ef17",
  "outputs": {
    "ec2_bastion_public_instance_ids": {
      "value": "i-0b5f30d7ee2ffb153",
      "type": "string"
    },
    "public_subnets": {
      "value": "subnet-0ec9ae0e2ed0191d4",
      "type": "string"
    }
  },
  "resources": [
    {
      "mode": "data",
      "type": "aws_ami",
      "name": "amzlinux2",
      "provider": "provider[\"registry.terraform.io/hashicorp/aws\"]",
      "instances": [
        {
          "schema_version": 0,
          "attributes": {
            "architecture": "x86_64",
            "arn": "arn:aws:ec2:eu-central-1::image/ami-0aecab792d09b6d55",
            "block_device_mappings": [
              {
                "device_name": "/dev/xvda",
                "ebs": {
                  "delete_on_termination": "true",
                  "encrypted": "false",
                  "iops": "0",
                  "snapshot_id": "snap-0301bb7413d5941ef",
                  "throughput": "0",
                  "volume_size": "8",
                  "volume_type": "gp2"
                },
                "no_device": "",
                "virtual_name": ""
              }
            ],
            "boot_mode": "",
            "creation_date": "2023-06-13T22:03:55.000Z",
            "deprecation_time": "2025-06-13T22:03:55.000Z",
            "description": "Amazon Linux 2 AMI 2.0.20230612.0 x86_64 HVM gp2",
            "ena_support": true,
            "executable_users": null,
            "filter": [
              {
                "name": "architecture",
                "values": [
                  "x86_64"
                ]
              },
              {
                "name": "name",
                "values": [
                  "amzn2-ami-hvm-*-gp2"
                ]
              },
              {
                "name": "root-device-type",
                "values": [
                  "ebs"
                ]
              },
              {
                "name": "virtualization-type",
                "values": [
                  "hvm"
                ]
              }
            ],
            "hypervisor": "xen",
            "id": "ami-0aecab792d09b6d55",
            "image_id": "ami-0aecab792d09b6d55",
            "image_location": "amazon/amzn2-ami-hvm-2.0.20230612.0-x86_64-gp2",
            "image_owner_alias": "amazon",
            "image_type": "machine",
            "imds_support": "",
            "include_deprecated": false,
            "kernel_id": "",
            "most_recent": true,
            "name": "amzn2-ami-hvm-2.0.20230612.0-x86_64-gp2",
            "name_regex": null,
            "owner_id": "137112412989",
            "owners": [
              "amazon"
            ],
            "platform": "",
            "platform_details": "Linux/UNIX",
            "product_codes": [],
            "public": true,
            "ramdisk_id": "",
            "root_device_name": "/dev/xvda",
            "root_device_type": "ebs",
            "root_snapshot_id": "snap-0301bb7413d5941ef",
            "sriov_net_support": "simple",
            "state": "available",
            "state_reason": {
              "code": "UNSET",
              "message": "UNSET"
            },
            "tags": {},
            "timeouts": null,
            "tpm_support": "",
            "usage_operation": "RunInstances",
            "virtualization_type": "hvm"
          },
          "sensitive_attributes": []
        }
      ]
    },
    {
      "mode": "managed",
      "type": "aws_eip",
      "name": "ec2_eip",
      "provider": "provider[\"registry.terraform.io/hashicorp/aws\"]",
      "instances": [
        {
          "schema_version": 0,
          "attributes": {
            "address": null,
            "allocation_id": "eipalloc-05b6fce79c93e2e80",
            "associate_with_private_ip": null,
            "association_id": "eipassoc-054968ab9138c5c52",
            "carrier_ip": "",
            "customer_owned_ip": "",
            "customer_owned_ipv4_pool": "",
            "domain": "vpc",
            "id": "eipalloc-05b6fce79c93e2e80",
            "instance": "i-0b5f30d7ee2ffb153",
            "network_border_group": "eu-central-1",
            "network_interface": "eni-0344018ff7200854c",
            "private_dns": "ip-10-0-101-97.eu-central-1.compute.internal",
            "private_ip": "10.0.101.97",
            "public_dns": "ec2-52-28-125-170.eu-central-1.compute.amazonaws.com",
            "public_ip": "52.28.125.170",
            "public_ipv4_pool": "amazon",
            "tags": null,
            "tags_all": {},
            "timeouts": null,
            "vpc": true
          },
          "sensitive_attributes": [],
          "private": "eyJlMmJmYjczMC1lY2FhLTExZTYtOGY4OC0zNDM2M2JjN2M0YzAiOnsiZGVsZXRlIjoxODAwMDAwMDAwMDAsInJlYWQiOjkwMDAwMDAwMDAwMCwidXBkYXRlIjozMDAwMDAwMDAwMDB9fQ==",
          "dependencies": [
            "aws_security_group.web_sg",
            "data.aws_ami.amzlinux2",
            "module.ec2_instance.aws_iam_instance_profile.this",
            "module.ec2_instance.aws_iam_role.this",
            "module.ec2_instance.aws_iam_role_policy_attachment.this",
            "module.ec2_instance.aws_instance.ignore_ami",
            "module.ec2_instance.aws_instance.this",
            "module.ec2_instance.aws_spot_instance_request.this",
            "module.ec2_instance.data.aws_iam_policy_document.assume_role_policy",
            "module.ec2_instance.data.aws_partition.current",
            "module.ec2_instance.data.aws_ssm_parameter.this",
            "module.vpc.aws_cloudwatch_log_group.flow_log",
            "module.vpc.aws_customer_gateway.this",
            "module.vpc.aws_db_subnet_group.database",
            "module.vpc.aws_default_network_acl.this",
            "module.vpc.aws_default_route_table.default",
            "module.vpc.aws_default_security_group.this",
            "module.vpc.aws_default_vpc.this",
            "module.vpc.aws_egress_only_internet_gateway.this",
            "module.vpc.aws_eip.nat",
            "module.vpc.aws_elasticache_subnet_group.elasticache",
            "module.vpc.aws_flow_log.this",
            "module.vpc.aws_iam_policy.vpc_flow_log_cloudwatch",
            "module.vpc.aws_iam_role.vpc_flow_log_cloudwatch",
            "module.vpc.aws_iam_role_policy_attachment.vpc_flow_log_cloudwatch",
            "module.vpc.aws_internet_gateway.this",
            "module.vpc.aws_nat_gateway.this",
            "module.vpc.aws_network_acl.database",
            "module.vpc.aws_network_acl.elasticache",
            "module.vpc.aws_network_acl.intra",
            "module.vpc.aws_network_acl.outpost",
            "module.vpc.aws_network_acl.private",
            "module.vpc.aws_network_acl.public",
            "module.vpc.aws_network_acl.redshift",
            "module.vpc.aws_network_acl_rule.database_inbound",
            "module.vpc.aws_network_acl_rule.database_outbound",
            "module.vpc.aws_network_acl_rule.elasticache_inbound",
            "module.vpc.aws_network_acl_rule.elasticache_outbound",
            "module.vpc.aws_network_acl_rule.intra_inbound",
            "module.vpc.aws_network_acl_rule.intra_outbound",
            "module.vpc.aws_network_acl_rule.outpost_inbound",
            "module.vpc.aws_network_acl_rule.outpost_outbound",
            "module.vpc.aws_network_acl_rule.private_inbound",
            "module.vpc.aws_network_acl_rule.private_outbound",
            "module.vpc.aws_network_acl_rule.public_inbound",
            "module.vpc.aws_network_acl_rule.public_outbound",
            "module.vpc.aws_network_acl_rule.redshift_inbound",
            "module.vpc.aws_network_acl_rule.redshift_outbound",
            "module.vpc.aws_redshift_subnet_group.redshift",
            "module.vpc.aws_route.database_dns64_nat_gateway",
            "module.vpc.aws_route.database_internet_gateway",
            "module.vpc.aws_route.database_ipv6_egress",
            "module.vpc.aws_route.database_nat_gateway",
            "module.vpc.aws_route.private_dns64_nat_gateway",
            "module.vpc.aws_route.private_ipv6_egress",
            "module.vpc.aws_route.private_nat_gateway",
            "module.vpc.aws_route.public_internet_gateway",
            "module.vpc.aws_route.public_internet_gateway_ipv6",
            "module.vpc.aws_route_table.database",
            "module.vpc.aws_route_table.elasticache",
            "module.vpc.aws_route_table.intra",
            "module.vpc.aws_route_table.private",
            "module.vpc.aws_route_table.public",
            "module.vpc.aws_route_table.redshift",
            "module.vpc.aws_route_table_association.database",
            "module.vpc.aws_route_table_association.elasticache",
            "module.vpc.aws_route_table_association.intra",
            "module.vpc.aws_route_table_association.outpost",
            "module.vpc.aws_route_table_association.private",
            "module.vpc.aws_route_table_association.public",
            "module.vpc.aws_route_table_association.redshift",
            "module.vpc.aws_route_table_association.redshift_public",
            "module.vpc.aws_subnet.database",
            "module.vpc.aws_subnet.elasticache",
            "module.vpc.aws_subnet.intra",
            "module.vpc.aws_subnet.outpost",
            "module.vpc.aws_subnet.private",
            "module.vpc.aws_subnet.public",
            "module.vpc.aws_subnet.redshift",
            "module.vpc.aws_vpc.this",
            "module.vpc.aws_vpc_dhcp_options.this",
            "module.vpc.aws_vpc_dhcp_options_association.this",
            "module.vpc.aws_vpc_ipv4_cidr_block_association.this",
            "module.vpc.aws_vpn_gateway.this",
            "module.vpc.aws_vpn_gateway_attachment.this",
            "module.vpc.aws_vpn_gateway_route_propagation.intra",
            "module.vpc.aws_vpn_gateway_route_propagation.private",
            "module.vpc.aws_vpn_gateway_route_propagation.public",
            "module.vpc.data.aws_iam_policy_document.flow_log_cloudwatch_assume_role",
            "module.vpc.data.aws_iam_policy_document.vpc_flow_log_cloudwatch"
          ]
        }
      ]
    },
    {
      "mode": "managed",
      "type": "aws_security_group",
      "name": "web_sg",
      "provider": "provider[\"registry.terraform.io/hashicorp/aws\"]",
      "instances": [
        {
          "schema_version": 1,
          "attributes": {
            "arn": "arn:aws:ec2:eu-central-1:326779754677:security-group/sg-0dd68d3c11b0c755d",
            "description": "Managed by Terraform",
            "egress": [
              {
                "cidr_blocks": [
                  "0.0.0.0/0"
                ],
                "description": "",
                "from_port": 0,
                "ipv6_cidr_blocks": [],
                "prefix_list_ids": [],
                "protocol": "-1",
                "security_groups": [],
                "self": false,
                "to_port": 0
              }
            ],
            "id": "sg-0dd68d3c11b0c755d",
            "ingress": [
              {
                "cidr_blocks": [
                  "0.0.0.0/0"
                ],
                "description": "",
                "from_port": -1,
                "ipv6_cidr_blocks": [],
                "prefix_list_ids": [],
                "protocol": "icmp",
                "security_groups": [],
                "self": false,
                "to_port": -1
              },
              {
                "cidr_blocks": [
                  "0.0.0.0/0"
                ],
                "description": "",
                "from_port": 22,
                "ipv6_cidr_blocks": [],
                "prefix_list_ids": [],
                "protocol": "tcp",
                "security_groups": [],
                "self": false,
                "to_port": 22
              },
              {
                "cidr_blocks": [
                  "0.0.0.0/0"
                ],
                "description": "",
                "from_port": 80,
                "ipv6_cidr_blocks": [],
                "prefix_list_ids": [],
                "protocol": "tcp",
                "security_groups": [],
                "self": false,
                "to_port": 80
              }
            ],
            "name": "HTTP and SSH",
            "name_prefix": "",
            "owner_id": "326779754677",
            "revoke_rules_on_delete": false,
            "tags": null,
            "tags_all": {},
            "timeouts": null,
            "vpc_id": "vpc-048647a003ac3db45"
          },
          "sensitive_attributes": [],
          "private": "eyJlMmJmYjczMC1lY2FhLTExZTYtOGY4OC0zNDM2M2JjN2M0YzAiOnsiY3JlYXRlIjo2MDAwMDAwMDAwMDAsImRlbGV0ZSI6OTAwMDAwMDAwMDAwfSwic2NoZW1hX3ZlcnNpb24iOiIxIn0=",
          "dependencies": [
            "module.vpc.aws_vpc.this"
          ]
        }
      ]
    },
    {
      "mode": "managed",
      "type": "local_file",
      "name": "private_key",
      "provider": "provider[\"registry.terraform.io/hashicorp/local\"]",
      "instances": [
        {
          "schema_version": 0,
          "attributes": {
            "content": "-----BEGIN RSA PRIVATE KEY-----\nMIIJKAIBAAKCAgEAyNygPguP/YZZi+b4UercjCgBzG8gaptb5ibyKDrkf0GBJte+\ngKhfyk/JRo3vXSS9Lfw0dPxoH6RxQXo8lT29cO2D/owOi3nrFNb0+1bLFyEnfDSC\n+VHBGWeOl+2IqrWd+z5iPt19aNuyFpzMhJo3IoxV1jQD01OCd0wJQYgjOX+FiP0B\nhGo8+hhmwSniPa0YtGzl7JaVyPHpaf76wYwc9vQ487QiMjWJ9CopJRYtHFiAu1wr\nH2Mp9veLKIBjvrCOu9qIxgls5CwKWxCkJ8Hk1kb6exqTK8xoYtYI7ZwSlLvTBUpi\n/jzBCKp8l8fK3cYuH9t+6shIiFn2xm2Z7bPoKLg3aIpmdDWndwEA8X4ZvK6NjUmK\nhwY21cVpn/fzD3x+bAdOpEJwb7xGz0QfWtYJ6AyoceQd4WUXZJLJ1DcOAcKMMddh\nA3+TGZxd0KeLIm8AmbCtN9cz7xeaHc3ESUnqN+b0vylYTRVj5GKFnN4hN1qmQsgg\nhGiVkU8BFeF5kxM9N00mKfohpphZUAroJOIbsDomJih+2puQjWEXL+iKNot2An9+\nyv710xvVhksQFcK1bVvnmXxkaOdKGowCyaQeyCz6HeNlKyy39GQgeSR3JInc/bui\nyjlpWUxcZc4+wKv7VgDG7dPeERgI1ByX9CoHGzcwYVsTG7x4PF75aNUzy3ECAwEA\nAQKCAgAw3022CwYr/6aGHdrJw8WJ7KoTXe6bQdXoeA1vsHSsafnMw628jDtSdHta\nyWo2VZwaNkVlOYz0NgTAk8dt4KnZclEtfFKFqVKDrZHKHeIobI647+X2V+gOEF5n\npQodzzbzTMiG10mOW/ZG/jvc/9DufQrdpaZQov8Zm8ycv00izl5laHoYB+lySMGn\nulMsApQCQoTnPfSQAhxzB/FnanoZtG6vDWNMqC461I9SUMUFIpuf+tsbNfud9blM\nT4D1guwX1SJ2XRC7q+ORKMloSwss//QuQ9cPTxsPAVkGx3TV76V2ohTYG1w0iZbr\nL1ezAmdypOuKoNTVKF6dBUnwxld0MiKBcIYXdPUKBZOs1oFpfB/bbnMU+982YdgQ\nZHIb4TeaYpblsyau8lInPPHnYfJFR1yfqEPhY8WMOHegSOs9QLNCIQxFc+F6Whr9\n+9XKZX7IJvBKz/e9ISDRTaJc3G4ErWa2OhEUxz33NUcZKg+dYxyunPI/UiiTnF2n\nTb7zAcf+NaOzYA2uB14MgmBuIrsLBCr4pqlCXfWKg60kGNMhzT70u95xNnTINdrl\nxAyaZVhIXMiC7x3h7Ch8Fu7mRwq87LzHzVNN3ufFsk9j0+wOE98cQSv9YifLWhwQ\nvaEjfDKrI5Y9Gwtqwrn6o+WRELogBnKG1PyyfEi/lpv87AYt6QKCAQEA+B292Cl2\nJ4Zh9PHmA1AxlXTxEHME08dkjYm0GlFcyo8DgvNB2e78wtg3lintHjiIumP3eZPy\n3v7SaXvmOGJnltJn4sPyLDOBpyHb/Zp6OQlZLWVjtfi9g1BzYAh51xTujp3CL8BC\ncjd61O0n/GHDyDLhH/KBnPkStrhD1IgWwsYrAU1stJ/lAgzlvYESnXQIJW/P4MoF\nrbYDWMnOn5oiZWPsXOxHxu0ttQ9fsZmc9+ujBxR4GzPNvsmx5Elm5ZiIpILKCXkW\nPI/8927YHrdwT0tS3dXTfWqFoujclLGnPSzjSELxCEYola0RiiqQ2msgkl53XxQt\nHgIl62QG4wp1TwKCAQEAzz6AfURYdJx1faGEPH43n6xAa5cNVuAKzsbffu+eq5YG\nZAkNzUmkqXbqZ7gpGth7EaKKEh6pyQ8ZXpMccmWBxPiD7BkwyhhfnUzHcSTcjxRp\nfNHVmkVaum7vxoTExp8ywAcLWNajqSI6C3zN3htrLhxngbM5Z7lMpraCC9DBTbAK\nYCw0bfqDso14AXu9rRWhvHJRgHm0KLW0CvDQs5UCYwAKuSx8p4OcRb+z/VBaISYb\nSqHhdTZecM2X5Vs5fGWgaZUlxihk6qvbpkdhVJve/5EenM8z1ZEe1ELYmgGy9B4v\nEHhq15fxh4QZK5S0ilk2tZqSHI+vYcG0d5JfN28DPwKCAQAcR9eRwfgTvT+BGelr\ny0I7lN69Tz7nnLybXWzH6yo2dGKkFHIXEySAWQDM/u5mGW+MP0S/+NsgC8+T8mll\nV+IS0NzCfi8mVqCamkNm/qqbwbMGd54L6dRAGXVtJsosd9hRLS4rHzDzr9syVe3O\n2J3mPdZnO88GQ2WcqhghK3ncrZXNSjPvyqHhv/KXzRSAGe+rxLjfGGfZSvvKrQX+\nLyVohSE13kC4LeSd1KjFp4q6v4MPlYezIg57hqXeLXerB93bUoUQ21prgMYGtf2w\nUpxcjWtembbHftLIpN4vnKhBUtJ9NBQhK04I8XckVoG4Q6msxVO55KTX3MrRr88R\nJeoFAoIBAQCZXAYXLKlMea9T7V7+qOQei4gMVfYwEJDO3UnsFAPVs6o9ApotDM8F\n/JKPeC8qx4Gi1iXYLMq1ly/N1Y0adlUmXkS5RRbeplSzAWshJgb09kTtchXgGGyA\nQ7G5tOwskwgqI8xYzFTFxycu8wcg0idpMunBh8/2GqBHSg1IEw3IoHm9G1kc/WHR\nknB4oIoG+Ff8LJh1Oxp/eZ6m7fdyvNTMT+6fgvUnvPO6hZb64CgiGaHeg5Zkd3xB\ne1JpDi2nCUlAeHdAgQnUwqJDFNVImCPX+RqvLYGNC9vFdUX2CUXU8jUfugxOSAka\noD1EC8HiEwyyLJTs/8Ln00Dpru45BjRfAoIBACrnDv4W9+W9hw2fwZ91/WWUz65s\nBbQexvmNeLwaEEKdxrihRZrMVx1y4v2NdBE5usEzjyMz03wm8B4NLvqIDeMU323a\n3vAiUXjmxsPeCGCAmbfPWXqKMZcs3ajRCOAPVHzYFDd5qWQFQ4Klib/mEx04sr+6\n9XXZ5ogcMw5yX2Lbch2Iwumn1C7OieZn/vY96Xteoay+guZi+rK6JyAdlxsneCtL\nWQ+PLHiPunuQ2WByv2iCLYtXln9TPAvH+NGc6qwVq+l/O8xyIHphdfTStlmD70l2\nKR9UCOozMQ/VtSOdAimo20KCvloDz4lB3B2uzB4qY7cclWrZ/1cnzE5XTKc=\n-----END RSA PRIVATE KEY-----",
            "content_base64": null,
            "content_base64sha256": "0EivZDA8WPKOge0NAQrC6VXqJPzGdhHoCUzFo0qHYXU=",
            "content_base64sha512": "vEVe0lpwFPTEKEG6aVKO7vqdi9g1D8XvSjvEKruOAtUapDXQJ/r+kALMGDWv0plgpGSZwKtfYGYvULiyvM+6DQ==",
            "content_md5": "d27f8e548072b39084fd8b61884b3aa8",
            "content_sha1": "2eb795508b28795b60f32d7248c836a160ae38e0",
            "content_sha256": "d048af64303c58f28e81ed0d010ac2e955ea24fcc67611e8094cc5a34a876175",
            "content_sha512": "bc455ed25a7014f4c42841ba69528eeefa9d8bd8350fc5ef4a3bc42abb8e02d51aa435d027fafe9002cc1835afd29960a46499c0ab5f60662f50b8b2bccfba0d",
            "directory_permission": "0777",
            "file_permission": "0777",
            "filename": "private_key.pem",
            "id": "2eb795508b28795b60f32d7248c836a160ae38e0",
            "sensitive_content": null,
            "source": null
          },
          "sensitive_attributes": [
            [
              {
                "type": "get_attr",
                "value": "content"
              }
            ]
          ],
          "dependencies": [
            "module.key_pair.tls_private_key.this"
          ]
        }
      ]
    },
    {
      "module": "module.ec2_instance",
      "mode": "data",
      "type": "aws_partition",
      "name": "current",
      "provider": "provider[\"registry.terraform.io/hashicorp/aws\"]",
      "instances": [
        {
          "schema_version": 0,
          "attributes": {
            "dns_suffix": "amazonaws.com",
            "id": "aws",
            "partition": "aws",
            "reverse_dns_prefix": "com.amazonaws"
          },
          "sensitive_attributes": []
        }
      ]
    },
    {
      "module": "module.ec2_instance",
      "mode": "data",
      "type": "aws_ssm_parameter",
      "name": "this",
      "provider": "provider[\"registry.terraform.io/hashicorp/aws\"]",
      "instances": [
        {
          "index_key": 0,
          "schema_version": 0,
          "attributes": {
            "arn": "arn:aws:ssm:eu-central-1::parameter/aws/service/ami-amazon-linux-latest/amzn2-ami-hvm-x86_64-gp2",
            "id": "/aws/service/ami-amazon-linux-latest/amzn2-ami-hvm-x86_64-gp2",
            "name": "/aws/service/ami-amazon-linux-latest/amzn2-ami-hvm-x86_64-gp2",
            "type": "String",
            "value": "ami-0aecab792d09b6d55",
            "version": 89,
            "with_decryption": true
          },
          "sensitive_attributes": []
        }
      ]
    },
    {
      "module": "module.ec2_instance",
      "mode": "managed",
      "type": "aws_instance",
      "name": "this",
      "provider": "provider[\"registry.terraform.io/hashicorp/aws\"]",
      "instances": [
        {
          "index_key": 0,
          "schema_version": 1,
          "attributes": {
            "ami": "ami-0aecab792d09b6d55",
            "arn": "arn:aws:ec2:eu-central-1:326779754677:instance/i-0b5f30d7ee2ffb153",
            "associate_public_ip_address": false,
            "availability_zone": "eu-central-1b",
            "capacity_reservation_specification": [
              {
                "capacity_reservation_preference": "open",
                "capacity_reservation_target": []
              }
            ],
            "cpu_core_count": 1,
            "cpu_options": [
              {
                "amd_sev_snp": "",
                "core_count": 1,
                "threads_per_core": 1
              }
            ],
            "cpu_threads_per_core": 1,
            "credit_specification": [
              {
                "cpu_credits": "standard"
              }
            ],
            "disable_api_stop": false,
            "disable_api_termination": false,
            "ebs_block_device": [],
            "ebs_optimized": false,
            "enclave_options": [
              {
                "enabled": false
              }
            ],
            "ephemeral_block_device": [],
            "get_password_data": false,
            "hibernation": false,
            "host_id": "",
            "host_resource_group_arn": null,
            "iam_instance_profile": "",
            "id": "i-0b5f30d7ee2ffb153",
            "instance_initiated_shutdown_behavior": "stop",
            "instance_lifecycle": "",
            "instance_market_options": [],
            "instance_state": "running",
            "instance_type": "t2.micro",
            "ipv6_address_count": 0,
            "ipv6_addresses": [],
            "key_name": "yaya",
            "launch_template": [],
            "maintenance_options": [
              {
                "auto_recovery": "default"
              }
            ],
            "metadata_options": [
              {
                "http_endpoint": "enabled",
                "http_put_response_hop_limit": 1,
                "http_tokens": "optional",
                "instance_metadata_tags": "disabled"
              }
            ],
            "monitoring": true,
            "network_interface": [],
            "outpost_arn": "",
            "password_data": "",
            "placement_group": "",
            "placement_partition_number": 0,
            "primary_network_interface_id": "eni-0344018ff7200854c",
            "private_dns": "ip-10-0-101-97.eu-central-1.compute.internal",
            "private_dns_name_options": [
              {
                "enable_resource_name_dns_a_record": false,
                "enable_resource_name_dns_aaaa_record": false,
                "hostname_type": "ip-name"
              }
            ],
            "private_ip": "10.0.101.97",
            "public_dns": "",
            "public_ip": "",
            "root_block_device": [
              {
                "delete_on_termination": true,
                "device_name": "/dev/xvda",
                "encrypted": true,
                "iops": 100,
                "kms_key_id": "arn:aws:kms:eu-central-1:326779754677:key/9d50d42f-bfe6-4e0d-9b63-b115b87a9de1",
                "tags": {},
                "throughput": 0,
                "volume_id": "vol-0f6e20fd251bd09e4",
                "volume_size": 8,
                "volume_type": "gp2"
              }
            ],
            "secondary_private_ips": [],
            "security_groups": [],
            "source_dest_check": true,
            "spot_instance_request_id": "",
            "subnet_id": "subnet-0ec9ae0e2ed0191d4",
            "tags": {
              "Environment": "dev",
              "Name": "single-instance",
              "Terraform": "true",
              "creator": "yaya"
            },
            "tags_all": {
              "Environment": "dev",
              "Name": "single-instance",
              "Terraform": "true",
              "creator": "yaya"
            },
            "tenancy": "default",
            "timeouts": {
              "create": null,
              "delete": null,
              "update": null
            },
            "user_data": null,
            "user_data_base64": null,
            "user_data_replace_on_change": false,
            "volume_tags": {
              "Name": "single-instance"
            },
            "vpc_security_group_ids": [
              "sg-0dd68d3c11b0c755d"
            ]
          },
          "sensitive_attributes": [],
          "private": "eyJlMmJmYjczMC1lY2FhLTExZTYtOGY4OC0zNDM2M2JjN2M0YzAiOnsiY3JlYXRlIjo2MDAwMDAwMDAwMDAsImRlbGV0ZSI6MTIwMDAwMDAwMDAwMCwidXBkYXRlIjo2MDAwMDAwMDAwMDB9LCJzY2hlbWFfdmVyc2lvbiI6IjEifQ==",
          "dependencies": [
            "aws_security_group.web_sg",
            "data.aws_ami.amzlinux2",
            "module.ec2_instance.aws_iam_instance_profile.this",
            "module.ec2_instance.data.aws_ssm_parameter.this",
            "module.vpc.aws_subnet.public",
            "module.vpc.aws_vpc.this",
            "module.vpc.aws_vpc_ipv4_cidr_block_association.this"
          ]
        }
      ]
    },
    {
      "module": "module.key_pair",
      "mode": "managed",
      "type": "aws_key_pair",
      "name": "this",
      "provider": "provider[\"registry.terraform.io/hashicorp/aws\"]",
      "instances": [
        {
          "index_key": 0,
          "schema_version": 1,
          "attributes": {
            "arn": "arn:aws:ec2:eu-central-1:326779754677:key-pair/yaya",
            "fingerprint": "3f:92:37:51:a8:09:83:b6:4d:6d:95:56:65:b3:4c:01",
            "id": "yaya",
            "key_name": "yaya",
            "key_name_prefix": "",
            "key_pair_id": "key-01b75d2d54cbf9296",
            "key_type": "rsa",
            "public_key": "ssh-rsa AAAAB3NzaC1yc2EAAAADAQABAAACAQDI3KA+C4/9hlmL5vhR6tyMKAHMbyBqm1vmJvIoOuR/QYEm176AqF/KT8lGje9dJL0t/DR0/GgfpHFBejyVPb1w7YP+jA6LeesU1vT7VssXISd8NIL5UcEZZ46X7YiqtZ37PmI+3X1o27IWnMyEmjcijFXWNAPTU4J3TAlBiCM5f4WI/QGEajz6GGbBKeI9rRi0bOXslpXI8elp/vrBjBz29DjztCIyNYn0KiklFi0cWIC7XCsfYyn294sogGO+sI672ojGCWzkLApbEKQnweTWRvp7GpMrzGhi1gjtnBKUu9MFSmL+PMEIqnyXx8rdxi4f237qyEiIWfbGbZnts+gouDdoimZ0Nad3AQDxfhm8ro2NSYqHBjbVxWmf9/MPfH5sB06kQnBvvEbPRB9a1gnoDKhx5B3hZRdkksnUNw4Bwowx12EDf5MZnF3Qp4sibwCZsK031zPvF5odzcRJSeo35vS/KVhNFWPkYoWc3iE3WqZCyCCEaJWRTwEV4XmTEz03TSYp+iGmmFlQCugk4huwOiYmKH7am5CNYRcv6Io2i3YCf37K/vXTG9WGSxAVwrVtW+eZfGRo50oajALJpB7ILPod42UrLLf0ZCB5JHckidz9u6LKOWlZTFxlzj7Aq/tWAMbt094RGAjUHJf0KgcbNzBhWxMbvHg8Xvlo1TPLcQ==",
            "tags": null,
            "tags_all": {}
          },
          "sensitive_attributes": [],
          "private": "eyJzY2hlbWFfdmVyc2lvbiI6IjEifQ==",
          "dependencies": [
            "module.key_pair.tls_private_key.this"
          ]
        }
      ]
    },
    {
      "module": "module.key_pair",
      "mode": "managed",
      "type": "tls_private_key",
      "name": "this",
      "provider": "provider[\"registry.terraform.io/hashicorp/tls\"]",
      "instances": [
        {
          "index_key": 0,
          "schema_version": 1,
          "attributes": {
            "algorithm": "RSA",
            "ecdsa_curve": "P224",
            "id": "d942decfe28930039b87688e1285f2986b92061c",
            "private_key_openssh": "-----BEGIN OPENSSH PRIVATE KEY-----\nb3BlbnNzaC1rZXktdjEAAAAABG5vbmUAAAAEbm9uZQAAAAAAAAABAAACFwAAAAdz\nc2gtcnNhAAAAAwEAAQAAAgEAyNygPguP/YZZi+b4UercjCgBzG8gaptb5ibyKDrk\nf0GBJte+gKhfyk/JRo3vXSS9Lfw0dPxoH6RxQXo8lT29cO2D/owOi3nrFNb0+1bL\nFyEnfDSC+VHBGWeOl+2IqrWd+z5iPt19aNuyFpzMhJo3IoxV1jQD01OCd0wJQYgj\nOX+FiP0BhGo8+hhmwSniPa0YtGzl7JaVyPHpaf76wYwc9vQ487QiMjWJ9CopJRYt\nHFiAu1wrH2Mp9veLKIBjvrCOu9qIxgls5CwKWxCkJ8Hk1kb6exqTK8xoYtYI7ZwS\nlLvTBUpi/jzBCKp8l8fK3cYuH9t+6shIiFn2xm2Z7bPoKLg3aIpmdDWndwEA8X4Z\nvK6NjUmKhwY21cVpn/fzD3x+bAdOpEJwb7xGz0QfWtYJ6AyoceQd4WUXZJLJ1DcO\nAcKMMddhA3+TGZxd0KeLIm8AmbCtN9cz7xeaHc3ESUnqN+b0vylYTRVj5GKFnN4h\nN1qmQsgghGiVkU8BFeF5kxM9N00mKfohpphZUAroJOIbsDomJih+2puQjWEXL+iK\nNot2An9+yv710xvVhksQFcK1bVvnmXxkaOdKGowCyaQeyCz6HeNlKyy39GQgeSR3\nJInc/buiyjlpWUxcZc4+wKv7VgDG7dPeERgI1ByX9CoHGzcwYVsTG7x4PF75aNUz\ny3EAAAc4qfyn2Kn8p9gAAAAHc3NoLXJzYQAAAgEAyNygPguP/YZZi+b4UercjCgB\nzG8gaptb5ibyKDrkf0GBJte+gKhfyk/JRo3vXSS9Lfw0dPxoH6RxQXo8lT29cO2D\n/owOi3nrFNb0+1bLFyEnfDSC+VHBGWeOl+2IqrWd+z5iPt19aNuyFpzMhJo3IoxV\n1jQD01OCd0wJQYgjOX+FiP0BhGo8+hhmwSniPa0YtGzl7JaVyPHpaf76wYwc9vQ4\n87QiMjWJ9CopJRYtHFiAu1wrH2Mp9veLKIBjvrCOu9qIxgls5CwKWxCkJ8Hk1kb6\nexqTK8xoYtYI7ZwSlLvTBUpi/jzBCKp8l8fK3cYuH9t+6shIiFn2xm2Z7bPoKLg3\naIpmdDWndwEA8X4ZvK6NjUmKhwY21cVpn/fzD3x+bAdOpEJwb7xGz0QfWtYJ6Ayo\nceQd4WUXZJLJ1DcOAcKMMddhA3+TGZxd0KeLIm8AmbCtN9cz7xeaHc3ESUnqN+b0\nvylYTRVj5GKFnN4hN1qmQsgghGiVkU8BFeF5kxM9N00mKfohpphZUAroJOIbsDom\nJih+2puQjWEXL+iKNot2An9+yv710xvVhksQFcK1bVvnmXxkaOdKGowCyaQeyCz6\nHeNlKyy39GQgeSR3JInc/buiyjlpWUxcZc4+wKv7VgDG7dPeERgI1ByX9CoHGzcw\nYVsTG7x4PF75aNUzy3EAAAADAQABAAACADDfTbYLBiv/poYd2snDxYnsqhNd7ptB\n1eh4DW+wdKxp+czDrbyMO1J0e1rJajZVnBo2RWU5jPQ2BMCTx23gqdlyUS18UoWp\nUoOtkcod4ihsjrjv5fZX6A4QXmelCh3PNvNMyIbXSY5b9kb+O9z/0O59Ct2lplCi\n/xmbzJy/TSLOXmVoehgH6XJIwae6UywClAJChOc99JACHHMH8Wdqehm0bq8NY0yo\nLjrUj1JQxQUim5/62xs1+531uUxPgPWC7BfVInZdELur45EoyWhLCyz/9C5D1w9P\nGw8BWQbHdNXvpXaiFNgbXDSJlusvV7MCZ3Kk64qg1NUoXp0FSfDGV3QyIoFwhhd0\n9QoFk6zWgWl8H9tucxT73zZh2BBkchvhN5piluWzJq7yUic88edh8kVHXJ+oQ+Fj\nxYw4d6BI6z1As0IhDEVz4XpaGv371cplfsgm8ErP970hINFNolzcbgStZrY6ERTH\nPfc1RxkqD51jHK6c8j9SKJOcXadNvvMBx/41o7NgDa4HXgyCYG4iuwsEKvimqUJd\n9YqDrSQY0yHNPvS73nE2dMg12uXEDJplWEhcyILvHeHsKHwW7uZHCrzsvMfNU03e\n58WyT2PT7A4T3xxBK/1iJ8taHBC9oSN8Mqsjlj0bC2rCufqj5ZEQuiAGcobU/LJ8\nSL+Wm/zsBi3pAAABACrnDv4W9+W9hw2fwZ91/WWUz65sBbQexvmNeLwaEEKdxrih\nRZrMVx1y4v2NdBE5usEzjyMz03wm8B4NLvqIDeMU323a3vAiUXjmxsPeCGCAmbfP\nWXqKMZcs3ajRCOAPVHzYFDd5qWQFQ4Klib/mEx04sr+69XXZ5ogcMw5yX2Lbch2I\nwumn1C7OieZn/vY96Xteoay+guZi+rK6JyAdlxsneCtLWQ+PLHiPunuQ2WByv2iC\nLYtXln9TPAvH+NGc6qwVq+l/O8xyIHphdfTStlmD70l2KR9UCOozMQ/VtSOdAimo\n20KCvloDz4lB3B2uzB4qY7cclWrZ/1cnzE5XTKcAAAEBAPgdvdgpdieGYfTx5gNQ\nMZV08RBzBNPHZI2JtBpRXMqPA4LzQdnu/MLYN5Yp7R44iLpj93mT8t7+0ml75jhi\nZ5bSZ+LD8iwzgach2/2aejkJWS1lY7X4vYNQc2AIedcU7o6dwi/AQnI3etTtJ/xh\nw8gy4R/ygZz5Era4Q9SIFsLGKwFNbLSf5QIM5b2BEp10CCVvz+DKBa22A1jJzp+a\nImVj7FzsR8btLbUPX7GZnPfrowcUeBszzb7JseRJZuWYiKSCygl5FjyP/Pdu2B63\ncE9LUt3V031qhaLo3JSxpz0s40hC8QhGKJWtEYoqkNprIJJed18ULR4CJetkBuMK\ndU8AAAEBAM8+gH1EWHScdX2hhDx+N5+sQGuXDVbgCs7G337vnquWBmQJDc1JpKl2\n6me4KRrYexGiihIeqckPGV6THHJlgcT4g+wZMMoYX51Mx3Ek3I8UaXzR1ZpFWrpu\n78aExMafMsAHC1jWo6kiOgt8zd4bay4cZ4GzOWe5TKa2ggvQwU2wCmAsNG36g7KN\neAF7va0VobxyUYB5tCi1tArw0LOVAmMACrksfKeDnEW/s/1QWiEmG0qh4XU2XnDN\nl+VbOXxloGmVJcYoZOqr26ZHYVSb3v+RHpzPM9WRHtRC2JoBsvQeLxB4ateX8YeE\nGSuUtIpZNrWakhyPr2HBtHeSXzdvAz8AAAAAAQID\n-----END OPENSSH PRIVATE KEY-----\n",
            "private_key_pem": "-----BEGIN RSA PRIVATE KEY-----\nMIIJKAIBAAKCAgEAyNygPguP/YZZi+b4UercjCgBzG8gaptb5ibyKDrkf0GBJte+\ngKhfyk/JRo3vXSS9Lfw0dPxoH6RxQXo8lT29cO2D/owOi3nrFNb0+1bLFyEnfDSC\n+VHBGWeOl+2IqrWd+z5iPt19aNuyFpzMhJo3IoxV1jQD01OCd0wJQYgjOX+FiP0B\nhGo8+hhmwSniPa0YtGzl7JaVyPHpaf76wYwc9vQ487QiMjWJ9CopJRYtHFiAu1wr\nH2Mp9veLKIBjvrCOu9qIxgls5CwKWxCkJ8Hk1kb6exqTK8xoYtYI7ZwSlLvTBUpi\n/jzBCKp8l8fK3cYuH9t+6shIiFn2xm2Z7bPoKLg3aIpmdDWndwEA8X4ZvK6NjUmK\nhwY21cVpn/fzD3x+bAdOpEJwb7xGz0QfWtYJ6AyoceQd4WUXZJLJ1DcOAcKMMddh\nA3+TGZxd0KeLIm8AmbCtN9cz7xeaHc3ESUnqN+b0vylYTRVj5GKFnN4hN1qmQsgg\nhGiVkU8BFeF5kxM9N00mKfohpphZUAroJOIbsDomJih+2puQjWEXL+iKNot2An9+\nyv710xvVhksQFcK1bVvnmXxkaOdKGowCyaQeyCz6HeNlKyy39GQgeSR3JInc/bui\nyjlpWUxcZc4+wKv7VgDG7dPeERgI1ByX9CoHGzcwYVsTG7x4PF75aNUzy3ECAwEA\nAQKCAgAw3022CwYr/6aGHdrJw8WJ7KoTXe6bQdXoeA1vsHSsafnMw628jDtSdHta\nyWo2VZwaNkVlOYz0NgTAk8dt4KnZclEtfFKFqVKDrZHKHeIobI647+X2V+gOEF5n\npQodzzbzTMiG10mOW/ZG/jvc/9DufQrdpaZQov8Zm8ycv00izl5laHoYB+lySMGn\nulMsApQCQoTnPfSQAhxzB/FnanoZtG6vDWNMqC461I9SUMUFIpuf+tsbNfud9blM\nT4D1guwX1SJ2XRC7q+ORKMloSwss//QuQ9cPTxsPAVkGx3TV76V2ohTYG1w0iZbr\nL1ezAmdypOuKoNTVKF6dBUnwxld0MiKBcIYXdPUKBZOs1oFpfB/bbnMU+982YdgQ\nZHIb4TeaYpblsyau8lInPPHnYfJFR1yfqEPhY8WMOHegSOs9QLNCIQxFc+F6Whr9\n+9XKZX7IJvBKz/e9ISDRTaJc3G4ErWa2OhEUxz33NUcZKg+dYxyunPI/UiiTnF2n\nTb7zAcf+NaOzYA2uB14MgmBuIrsLBCr4pqlCXfWKg60kGNMhzT70u95xNnTINdrl\nxAyaZVhIXMiC7x3h7Ch8Fu7mRwq87LzHzVNN3ufFsk9j0+wOE98cQSv9YifLWhwQ\nvaEjfDKrI5Y9Gwtqwrn6o+WRELogBnKG1PyyfEi/lpv87AYt6QKCAQEA+B292Cl2\nJ4Zh9PHmA1AxlXTxEHME08dkjYm0GlFcyo8DgvNB2e78wtg3lintHjiIumP3eZPy\n3v7SaXvmOGJnltJn4sPyLDOBpyHb/Zp6OQlZLWVjtfi9g1BzYAh51xTujp3CL8BC\ncjd61O0n/GHDyDLhH/KBnPkStrhD1IgWwsYrAU1stJ/lAgzlvYESnXQIJW/P4MoF\nrbYDWMnOn5oiZWPsXOxHxu0ttQ9fsZmc9+ujBxR4GzPNvsmx5Elm5ZiIpILKCXkW\nPI/8927YHrdwT0tS3dXTfWqFoujclLGnPSzjSELxCEYola0RiiqQ2msgkl53XxQt\nHgIl62QG4wp1TwKCAQEAzz6AfURYdJx1faGEPH43n6xAa5cNVuAKzsbffu+eq5YG\nZAkNzUmkqXbqZ7gpGth7EaKKEh6pyQ8ZXpMccmWBxPiD7BkwyhhfnUzHcSTcjxRp\nfNHVmkVaum7vxoTExp8ywAcLWNajqSI6C3zN3htrLhxngbM5Z7lMpraCC9DBTbAK\nYCw0bfqDso14AXu9rRWhvHJRgHm0KLW0CvDQs5UCYwAKuSx8p4OcRb+z/VBaISYb\nSqHhdTZecM2X5Vs5fGWgaZUlxihk6qvbpkdhVJve/5EenM8z1ZEe1ELYmgGy9B4v\nEHhq15fxh4QZK5S0ilk2tZqSHI+vYcG0d5JfN28DPwKCAQAcR9eRwfgTvT+BGelr\ny0I7lN69Tz7nnLybXWzH6yo2dGKkFHIXEySAWQDM/u5mGW+MP0S/+NsgC8+T8mll\nV+IS0NzCfi8mVqCamkNm/qqbwbMGd54L6dRAGXVtJsosd9hRLS4rHzDzr9syVe3O\n2J3mPdZnO88GQ2WcqhghK3ncrZXNSjPvyqHhv/KXzRSAGe+rxLjfGGfZSvvKrQX+\nLyVohSE13kC4LeSd1KjFp4q6v4MPlYezIg57hqXeLXerB93bUoUQ21prgMYGtf2w\nUpxcjWtembbHftLIpN4vnKhBUtJ9NBQhK04I8XckVoG4Q6msxVO55KTX3MrRr88R\nJeoFAoIBAQCZXAYXLKlMea9T7V7+qOQei4gMVfYwEJDO3UnsFAPVs6o9ApotDM8F\n/JKPeC8qx4Gi1iXYLMq1ly/N1Y0adlUmXkS5RRbeplSzAWshJgb09kTtchXgGGyA\nQ7G5tOwskwgqI8xYzFTFxycu8wcg0idpMunBh8/2GqBHSg1IEw3IoHm9G1kc/WHR\nknB4oIoG+Ff8LJh1Oxp/eZ6m7fdyvNTMT+6fgvUnvPO6hZb64CgiGaHeg5Zkd3xB\ne1JpDi2nCUlAeHdAgQnUwqJDFNVImCPX+RqvLYGNC9vFdUX2CUXU8jUfugxOSAka\noD1EC8HiEwyyLJTs/8Ln00Dpru45BjRfAoIBACrnDv4W9+W9hw2fwZ91/WWUz65s\nBbQexvmNeLwaEEKdxrihRZrMVx1y4v2NdBE5usEzjyMz03wm8B4NLvqIDeMU323a\n3vAiUXjmxsPeCGCAmbfPWXqKMZcs3ajRCOAPVHzYFDd5qWQFQ4Klib/mEx04sr+6\n9XXZ5ogcMw5yX2Lbch2Iwumn1C7OieZn/vY96Xteoay+guZi+rK6JyAdlxsneCtL\nWQ+PLHiPunuQ2WByv2iCLYtXln9TPAvH+NGc6qwVq+l/O8xyIHphdfTStlmD70l2\nKR9UCOozMQ/VtSOdAimo20KCvloDz4lB3B2uzB4qY7cclWrZ/1cnzE5XTKc=\n-----END RSA PRIVATE KEY-----\n",
            "private_key_pem_pkcs8": "-----BEGIN PRIVATE KEY-----\nMIIJQgIBADANBgkqhkiG9w0BAQEFAASCCSwwggkoAgEAAoICAQDI3KA+C4/9hlmL\n5vhR6tyMKAHMbyBqm1vmJvIoOuR/QYEm176AqF/KT8lGje9dJL0t/DR0/GgfpHFB\nejyVPb1w7YP+jA6LeesU1vT7VssXISd8NIL5UcEZZ46X7YiqtZ37PmI+3X1o27IW\nnMyEmjcijFXWNAPTU4J3TAlBiCM5f4WI/QGEajz6GGbBKeI9rRi0bOXslpXI8elp\n/vrBjBz29DjztCIyNYn0KiklFi0cWIC7XCsfYyn294sogGO+sI672ojGCWzkLApb\nEKQnweTWRvp7GpMrzGhi1gjtnBKUu9MFSmL+PMEIqnyXx8rdxi4f237qyEiIWfbG\nbZnts+gouDdoimZ0Nad3AQDxfhm8ro2NSYqHBjbVxWmf9/MPfH5sB06kQnBvvEbP\nRB9a1gnoDKhx5B3hZRdkksnUNw4Bwowx12EDf5MZnF3Qp4sibwCZsK031zPvF5od\nzcRJSeo35vS/KVhNFWPkYoWc3iE3WqZCyCCEaJWRTwEV4XmTEz03TSYp+iGmmFlQ\nCugk4huwOiYmKH7am5CNYRcv6Io2i3YCf37K/vXTG9WGSxAVwrVtW+eZfGRo50oa\njALJpB7ILPod42UrLLf0ZCB5JHckidz9u6LKOWlZTFxlzj7Aq/tWAMbt094RGAjU\nHJf0KgcbNzBhWxMbvHg8Xvlo1TPLcQIDAQABAoICADDfTbYLBiv/poYd2snDxYns\nqhNd7ptB1eh4DW+wdKxp+czDrbyMO1J0e1rJajZVnBo2RWU5jPQ2BMCTx23gqdly\nUS18UoWpUoOtkcod4ihsjrjv5fZX6A4QXmelCh3PNvNMyIbXSY5b9kb+O9z/0O59\nCt2lplCi/xmbzJy/TSLOXmVoehgH6XJIwae6UywClAJChOc99JACHHMH8Wdqehm0\nbq8NY0yoLjrUj1JQxQUim5/62xs1+531uUxPgPWC7BfVInZdELur45EoyWhLCyz/\n9C5D1w9PGw8BWQbHdNXvpXaiFNgbXDSJlusvV7MCZ3Kk64qg1NUoXp0FSfDGV3Qy\nIoFwhhd09QoFk6zWgWl8H9tucxT73zZh2BBkchvhN5piluWzJq7yUic88edh8kVH\nXJ+oQ+FjxYw4d6BI6z1As0IhDEVz4XpaGv371cplfsgm8ErP970hINFNolzcbgSt\nZrY6ERTHPfc1RxkqD51jHK6c8j9SKJOcXadNvvMBx/41o7NgDa4HXgyCYG4iuwsE\nKvimqUJd9YqDrSQY0yHNPvS73nE2dMg12uXEDJplWEhcyILvHeHsKHwW7uZHCrzs\nvMfNU03e58WyT2PT7A4T3xxBK/1iJ8taHBC9oSN8Mqsjlj0bC2rCufqj5ZEQuiAG\ncobU/LJ8SL+Wm/zsBi3pAoIBAQD4Hb3YKXYnhmH08eYDUDGVdPEQcwTTx2SNibQa\nUVzKjwOC80HZ7vzC2DeWKe0eOIi6Y/d5k/Le/tJpe+Y4YmeW0mfiw/IsM4GnIdv9\nmno5CVktZWO1+L2DUHNgCHnXFO6OncIvwEJyN3rU7Sf8YcPIMuEf8oGc+RK2uEPU\niBbCxisBTWy0n+UCDOW9gRKddAglb8/gygWttgNYyc6fmiJlY+xc7EfG7S21D1+x\nmZz366MHFHgbM82+ybHkSWblmIikgsoJeRY8j/z3btget3BPS1Ld1dN9aoWi6NyU\nsac9LONIQvEIRiiVrRGKKpDaayCSXndfFC0eAiXrZAbjCnVPAoIBAQDPPoB9RFh0\nnHV9oYQ8fjefrEBrlw1W4ArOxt9+756rlgZkCQ3NSaSpdupnuCka2HsRoooSHqnJ\nDxlekxxyZYHE+IPsGTDKGF+dTMdxJNyPFGl80dWaRVq6bu/GhMTGnzLABwtY1qOp\nIjoLfM3eG2suHGeBszlnuUymtoIL0MFNsApgLDRt+oOyjXgBe72tFaG8clGAebQo\ntbQK8NCzlQJjAAq5LHyng5xFv7P9UFohJhtKoeF1Nl5wzZflWzl8ZaBplSXGKGTq\nq9umR2FUm97/kR6czzPVkR7UQtiaAbL0Hi8QeGrXl/GHhBkrlLSKWTa1mpIcj69h\nwbR3kl83bwM/AoIBABxH15HB+BO9P4EZ6WvLQjuU3r1PPuecvJtdbMfrKjZ0YqQU\nchcTJIBZAMz+7mYZb4w/RL/42yALz5PyaWVX4hLQ3MJ+LyZWoJqaQ2b+qpvBswZ3\nngvp1EAZdW0myix32FEtLisfMPOv2zJV7c7YneY91mc7zwZDZZyqGCEredytlc1K\nM+/KoeG/8pfNFIAZ76vEuN8YZ9lK+8qtBf4vJWiFITXeQLgt5J3UqMWnirq/gw+V\nh7MiDnuGpd4td6sH3dtShRDbWmuAxga1/bBSnFyNa16Ztsd+0sik3i+cqEFS0n00\nFCErTgjxdyRWgbhDqazFU7nkpNfcytGvzxEl6gUCggEBAJlcBhcsqUx5r1PtXv6o\n5B6LiAxV9jAQkM7dSewUA9Wzqj0Cmi0MzwX8ko94LyrHgaLWJdgsyrWXL83VjRp2\nVSZeRLlFFt6mVLMBayEmBvT2RO1yFeAYbIBDsbm07CyTCCojzFjMVMXHJy7zByDS\nJ2ky6cGHz/YaoEdKDUgTDcigeb0bWRz9YdGScHigigb4V/wsmHU7Gn95nqbt93K8\n1MxP7p+C9Se887qFlvrgKCIZod6DlmR3fEF7UmkOLacJSUB4d0CBCdTCokMU1UiY\nI9f5Gq8tgY0L28V1RfYJRdTyNR+6DE5ICRqgPUQLweITDLIslOz/wufTQOmu7jkG\nNF8CggEAKucO/hb35b2HDZ/Bn3X9ZZTPrmwFtB7G+Y14vBoQQp3GuKFFmsxXHXLi\n/Y10ETm6wTOPIzPTfCbwHg0u+ogN4xTfbdre8CJReObGw94IYICZt89Zeooxlyzd\nqNEI4A9UfNgUN3mpZAVDgqWJv+YTHTiyv7r1ddnmiBwzDnJfYttyHYjC6afULs6J\n5mf+9j3pe16hrL6C5mL6sronIB2XGyd4K0tZD48seI+6e5DZYHK/aIIti1eWf1M8\nC8f40ZzqrBWr6X87zHIgemF19NK2WYPvSXYpH1QI6jMxD9W1I50CKajbQoK+WgPP\niUHcHa7MHipjtxyVatn/VyfMTldMpw==\n-----END PRIVATE KEY-----\n",
            "public_key_fingerprint_md5": "75:a4:42:ed:6f:4b:e9:15:18:f2:d6:fa:47:33:59:22",
            "public_key_fingerprint_sha256": "SHA256:ZM7UhXcRRcxR070KF95TEIgXHS+vea7EjkoQ933S4SI",
            "public_key_openssh": "ssh-rsa AAAAB3NzaC1yc2EAAAADAQABAAACAQDI3KA+C4/9hlmL5vhR6tyMKAHMbyBqm1vmJvIoOuR/QYEm176AqF/KT8lGje9dJL0t/DR0/GgfpHFBejyVPb1w7YP+jA6LeesU1vT7VssXISd8NIL5UcEZZ46X7YiqtZ37PmI+3X1o27IWnMyEmjcijFXWNAPTU4J3TAlBiCM5f4WI/QGEajz6GGbBKeI9rRi0bOXslpXI8elp/vrBjBz29DjztCIyNYn0KiklFi0cWIC7XCsfYyn294sogGO+sI672ojGCWzkLApbEKQnweTWRvp7GpMrzGhi1gjtnBKUu9MFSmL+PMEIqnyXx8rdxi4f237qyEiIWfbGbZnts+gouDdoimZ0Nad3AQDxfhm8ro2NSYqHBjbVxWmf9/MPfH5sB06kQnBvvEbPRB9a1gnoDKhx5B3hZRdkksnUNw4Bwowx12EDf5MZnF3Qp4sibwCZsK031zPvF5odzcRJSeo35vS/KVhNFWPkYoWc3iE3WqZCyCCEaJWRTwEV4XmTEz03TSYp+iGmmFlQCugk4huwOiYmKH7am5CNYRcv6Io2i3YCf37K/vXTG9WGSxAVwrVtW+eZfGRo50oajALJpB7ILPod42UrLLf0ZCB5JHckidz9u6LKOWlZTFxlzj7Aq/tWAMbt094RGAjUHJf0KgcbNzBhWxMbvHg8Xvlo1TPLcQ==\n",
            "public_key_pem": "-----BEGIN PUBLIC KEY-----\nMIICIjANBgkqhkiG9w0BAQEFAAOCAg8AMIICCgKCAgEAyNygPguP/YZZi+b4Uerc\njCgBzG8gaptb5ibyKDrkf0GBJte+gKhfyk/JRo3vXSS9Lfw0dPxoH6RxQXo8lT29\ncO2D/owOi3nrFNb0+1bLFyEnfDSC+VHBGWeOl+2IqrWd+z5iPt19aNuyFpzMhJo3\nIoxV1jQD01OCd0wJQYgjOX+FiP0BhGo8+hhmwSniPa0YtGzl7JaVyPHpaf76wYwc\n9vQ487QiMjWJ9CopJRYtHFiAu1wrH2Mp9veLKIBjvrCOu9qIxgls5CwKWxCkJ8Hk\n1kb6exqTK8xoYtYI7ZwSlLvTBUpi/jzBCKp8l8fK3cYuH9t+6shIiFn2xm2Z7bPo\nKLg3aIpmdDWndwEA8X4ZvK6NjUmKhwY21cVpn/fzD3x+bAdOpEJwb7xGz0QfWtYJ\n6AyoceQd4WUXZJLJ1DcOAcKMMddhA3+TGZxd0KeLIm8AmbCtN9cz7xeaHc3ESUnq\nN+b0vylYTRVj5GKFnN4hN1qmQsgghGiVkU8BFeF5kxM9N00mKfohpphZUAroJOIb\nsDomJih+2puQjWEXL+iKNot2An9+yv710xvVhksQFcK1bVvnmXxkaOdKGowCyaQe\nyCz6HeNlKyy39GQgeSR3JInc/buiyjlpWUxcZc4+wKv7VgDG7dPeERgI1ByX9CoH\nGzcwYVsTG7x4PF75aNUzy3ECAwEAAQ==\n-----END PUBLIC KEY-----\n",
            "rsa_bits": 4096
          },
          "sensitive_attributes": []
        }
      ]
    },
    {
      "module": "module.vpc",
      "mode": "managed",
      "type": "aws_default_network_acl",
      "name": "this",
      "provider": "provider[\"registry.terraform.io/hashicorp/aws\"]",
      "instances": [
        {
          "index_key": 0,
          "schema_version": 0,
          "attributes": {
            "arn": "arn:aws:ec2:eu-central-1:326779754677:network-acl/acl-0db33c9f6ebe7b475",
            "default_network_acl_id": "acl-0db33c9f6ebe7b475",
            "egress": [
              {
                "action": "allow",
                "cidr_block": "",
                "from_port": 0,
                "icmp_code": null,
                "icmp_type": null,
                "ipv6_cidr_block": "::/0",
                "protocol": "-1",
                "rule_no": 101,
                "to_port": 0
              },
              {
                "action": "allow",
                "cidr_block": "0.0.0.0/0",
                "from_port": 0,
                "icmp_code": null,
                "icmp_type": null,
                "ipv6_cidr_block": "",
                "protocol": "-1",
                "rule_no": 100,
                "to_port": 0
              }
            ],
            "id": "acl-0db33c9f6ebe7b475",
            "ingress": [
              {
                "action": "allow",
                "cidr_block": "",
                "from_port": 0,
                "icmp_code": null,
                "icmp_type": null,
                "ipv6_cidr_block": "::/0",
                "protocol": "-1",
                "rule_no": 101,
                "to_port": 0
              },
              {
                "action": "allow",
                "cidr_block": "0.0.0.0/0",
                "from_port": 0,
                "icmp_code": null,
                "icmp_type": null,
                "ipv6_cidr_block": "",
                "protocol": "-1",
                "rule_no": 100,
                "to_port": 0
              }
            ],
            "owner_id": "326779754677",
            "subnet_ids": [
              "subnet-018aeb1368858b4a2",
              "subnet-0ec9ae0e2ed0191d4"
            ],
            "tags": {
              "Environment": "dev",
              "Name": "my-vpc-default",
              "Terraform": "true",
              "creator": "yaya"
            },
            "tags_all": {
              "Environment": "dev",
              "Name": "my-vpc-default",
              "Terraform": "true",
              "creator": "yaya"
            },
            "vpc_id": "vpc-048647a003ac3db45"
          },
          "sensitive_attributes": [],
          "private": "bnVsbA==",
          "dependencies": [
            "module.vpc.aws_vpc.this"
          ]
        }
      ]
    },
    {
      "module": "module.vpc",
      "mode": "managed",
      "type": "aws_default_route_table",
      "name": "default",
      "provider": "provider[\"registry.terraform.io/hashicorp/aws\"]",
      "instances": [
        {
          "index_key": 0,
          "schema_version": 0,
          "attributes": {
            "arn": "arn:aws:ec2:eu-central-1:326779754677:route-table/rtb-0b2bb0b7c392b3715",
            "default_route_table_id": "rtb-0b2bb0b7c392b3715",
            "id": "rtb-0b2bb0b7c392b3715",
            "owner_id": "326779754677",
            "propagating_vgws": null,
            "route": [],
            "tags": {
              "Environment": "dev",
              "Name": "my-vpc-default",
              "Terraform": "true",
              "creator": "yaya"
            },
            "tags_all": {
              "Environment": "dev",
              "Name": "my-vpc-default",
              "Terraform": "true",
              "creator": "yaya"
            },
            "timeouts": {
              "create": "5m",
              "update": "5m"
            },
            "vpc_id": "vpc-048647a003ac3db45"
          },
          "sensitive_attributes": [],
          "private": "eyJlMmJmYjczMC1lY2FhLTExZTYtOGY4OC0zNDM2M2JjN2M0YzAiOnsiY3JlYXRlIjozMDAwMDAwMDAwMDAsInVwZGF0ZSI6MzAwMDAwMDAwMDAwfX0=",
          "dependencies": [
            "module.vpc.aws_vpc.this"
          ]
        }
      ]
    },
    {
      "module": "module.vpc",
      "mode": "managed",
      "type": "aws_default_security_group",
      "name": "this",
      "provider": "provider[\"registry.terraform.io/hashicorp/aws\"]",
      "instances": [
        {
          "index_key": 0,
          "schema_version": 1,
          "attributes": {
            "arn": "arn:aws:ec2:eu-central-1:326779754677:security-group/sg-092eab4b5243d12ee",
            "description": "default VPC security group",
            "egress": [],
            "id": "sg-092eab4b5243d12ee",
            "ingress": [],
            "name": "default",
            "name_prefix": "",
            "owner_id": "326779754677",
            "revoke_rules_on_delete": false,
            "tags": {
              "Environment": "dev",
              "Name": "my-vpc-default",
              "Terraform": "true",
              "creator": "yaya"
            },
            "tags_all": {
              "Environment": "dev",
              "Name": "my-vpc-default",
              "Terraform": "true",
              "creator": "yaya"
            },
            "vpc_id": "vpc-048647a003ac3db45"
          },
          "sensitive_attributes": [],
          "private": "eyJzY2hlbWFfdmVyc2lvbiI6IjEifQ==",
          "dependencies": [
            "module.vpc.aws_vpc.this"
          ]
        }
      ]
    },
    {
      "module": "module.vpc",
      "mode": "managed",
      "type": "aws_eip",
      "name": "nat",
      "provider": "provider[\"registry.terraform.io/hashicorp/aws\"]",
      "instances": [
        {
          "index_key": 0,
          "schema_version": 0,
          "attributes": {
            "address": null,
            "allocation_id": "eipalloc-055f6f14dc970ed21",
            "associate_with_private_ip": null,
            "association_id": "",
            "carrier_ip": "",
            "customer_owned_ip": "",
            "customer_owned_ipv4_pool": "",
            "domain": "vpc",
            "id": "eipalloc-055f6f14dc970ed21",
            "instance": "",
            "network_border_group": "eu-central-1",
            "network_interface": "",
            "private_dns": null,
            "private_ip": "",
            "public_dns": "ec2-18-158-252-89.eu-central-1.compute.amazonaws.com",
            "public_ip": "18.158.252.89",
            "public_ipv4_pool": "amazon",
            "tags": {
              "Environment": "dev",
              "Name": "my-vpc-eu-central-1b",
              "Terraform": "true",
              "creator": "yaya"
            },
            "tags_all": {
              "Environment": "dev",
              "Name": "my-vpc-eu-central-1b",
              "Terraform": "true",
              "creator": "yaya"
            },
            "timeouts": null,
            "vpc": true
          },
          "sensitive_attributes": [],
          "private": "eyJlMmJmYjczMC1lY2FhLTExZTYtOGY4OC0zNDM2M2JjN2M0YzAiOnsiZGVsZXRlIjoxODAwMDAwMDAwMDAsInJlYWQiOjkwMDAwMDAwMDAwMCwidXBkYXRlIjozMDAwMDAwMDAwMDB9fQ==",
          "dependencies": [
            "module.vpc.aws_internet_gateway.this",
            "module.vpc.aws_vpc.this",
            "module.vpc.aws_vpc_ipv4_cidr_block_association.this"
          ]
        }
      ]
    },
    {
      "module": "module.vpc",
      "mode": "managed",
      "type": "aws_internet_gateway",
      "name": "this",
      "provider": "provider[\"registry.terraform.io/hashicorp/aws\"]",
      "instances": [
        {
          "index_key": 0,
          "schema_version": 0,
          "attributes": {
            "arn": "arn:aws:ec2:eu-central-1:326779754677:internet-gateway/igw-01e091cf4a50adcfa",
            "id": "igw-01e091cf4a50adcfa",
            "owner_id": "326779754677",
            "tags": {
              "Environment": "dev",
              "Name": "my-vpc",
              "Terraform": "true",
              "creator": "yaya"
            },
            "tags_all": {
              "Environment": "dev",
              "Name": "my-vpc",
              "Terraform": "true",
              "creator": "yaya"
            },
            "timeouts": null,
            "vpc_id": "vpc-048647a003ac3db45"
          },
          "sensitive_attributes": [],
          "private": "eyJlMmJmYjczMC1lY2FhLTExZTYtOGY4OC0zNDM2M2JjN2M0YzAiOnsiY3JlYXRlIjoxMjAwMDAwMDAwMDAwLCJkZWxldGUiOjEyMDAwMDAwMDAwMDAsInVwZGF0ZSI6MTIwMDAwMDAwMDAwMH19",
          "dependencies": [
            "module.vpc.aws_vpc.this",
            "module.vpc.aws_vpc_ipv4_cidr_block_association.this"
          ]
        }
      ]
    },
    {
      "module": "module.vpc",
      "mode": "managed",
      "type": "aws_nat_gateway",
      "name": "this",
      "provider": "provider[\"registry.terraform.io/hashicorp/aws\"]",
      "instances": [
        {
          "index_key": 0,
          "schema_version": 0,
          "attributes": {
            "allocation_id": "eipalloc-055f6f14dc970ed21",
            "association_id": "eipassoc-03ef85d153257a0de",
            "connectivity_type": "public",
            "id": "nat-0b45daf3ce74f6849",
            "network_interface_id": "eni-0affa1438c127b47d",
            "private_ip": "10.0.101.249",
            "public_ip": "18.158.252.89",
            "subnet_id": "subnet-0ec9ae0e2ed0191d4",
            "tags": {
              "Environment": "dev",
              "Name": "my-vpc-eu-central-1b",
              "Terraform": "true",
              "creator": "yaya"
            },
            "tags_all": {
              "Environment": "dev",
              "Name": "my-vpc-eu-central-1b",
              "Terraform": "true",
              "creator": "yaya"
            }
          },
          "sensitive_attributes": [],
          "private": "bnVsbA==",
          "dependencies": [
            "module.vpc.aws_eip.nat",
            "module.vpc.aws_internet_gateway.this",
            "module.vpc.aws_subnet.public",
            "module.vpc.aws_vpc.this",
            "module.vpc.aws_vpc_ipv4_cidr_block_association.this"
          ]
        }
      ]
    },
    {
      "module": "module.vpc",
      "mode": "managed",
      "type": "aws_route",
      "name": "private_nat_gateway",
      "provider": "provider[\"registry.terraform.io/hashicorp/aws\"]",
      "instances": [
        {
          "index_key": 0,
          "schema_version": 0,
          "attributes": {
            "carrier_gateway_id": "",
            "core_network_arn": "",
            "destination_cidr_block": "0.0.0.0/0",
            "destination_ipv6_cidr_block": "",
            "destination_prefix_list_id": "",
            "egress_only_gateway_id": "",
            "gateway_id": "",
            "id": "r-rtb-057b342fc6a093ce61080289494",
            "instance_id": "",
            "instance_owner_id": "",
            "local_gateway_id": "",
            "nat_gateway_id": "nat-0b45daf3ce74f6849",
            "network_interface_id": "",
            "origin": "CreateRoute",
            "route_table_id": "rtb-057b342fc6a093ce6",
            "state": "active",
            "timeouts": {
              "create": "5m",
              "delete": null,
              "update": null
            },
            "transit_gateway_id": "",
            "vpc_endpoint_id": "",
            "vpc_peering_connection_id": ""
          },
          "sensitive_attributes": [],
          "private": "eyJlMmJmYjczMC1lY2FhLTExZTYtOGY4OC0zNDM2M2JjN2M0YzAiOnsiY3JlYXRlIjozMDAwMDAwMDAwMDAsImRlbGV0ZSI6MzAwMDAwMDAwMDAwLCJ1cGRhdGUiOjEyMDAwMDAwMDAwMH19",
          "dependencies": [
            "module.vpc.aws_eip.nat",
            "module.vpc.aws_internet_gateway.this",
            "module.vpc.aws_nat_gateway.this",
            "module.vpc.aws_route_table.private",
            "module.vpc.aws_subnet.public",
            "module.vpc.aws_vpc.this",
            "module.vpc.aws_vpc_ipv4_cidr_block_association.this"
          ]
        }
      ]
    },
    {
      "module": "module.vpc",
      "mode": "managed",
      "type": "aws_route",
      "name": "public_internet_gateway",
      "provider": "provider[\"registry.terraform.io/hashicorp/aws\"]",
      "instances": [
        {
          "index_key": 0,
          "schema_version": 0,
          "attributes": {
            "carrier_gateway_id": "",
            "core_network_arn": "",
            "destination_cidr_block": "0.0.0.0/0",
            "destination_ipv6_cidr_block": "",
            "destination_prefix_list_id": "",
            "egress_only_gateway_id": "",
            "gateway_id": "igw-01e091cf4a50adcfa",
            "id": "r-rtb-04ba4be62804190b71080289494",
            "instance_id": "",
            "instance_owner_id": "",
            "local_gateway_id": "",
            "nat_gateway_id": "",
            "network_interface_id": "",
            "origin": "CreateRoute",
            "route_table_id": "rtb-04ba4be62804190b7",
            "state": "active",
            "timeouts": {
              "create": "5m",
              "delete": null,
              "update": null
            },
            "transit_gateway_id": "",
            "vpc_endpoint_id": "",
            "vpc_peering_connection_id": ""
          },
          "sensitive_attributes": [],
          "private": "eyJlMmJmYjczMC1lY2FhLTExZTYtOGY4OC0zNDM2M2JjN2M0YzAiOnsiY3JlYXRlIjozMDAwMDAwMDAwMDAsImRlbGV0ZSI6MzAwMDAwMDAwMDAwLCJ1cGRhdGUiOjEyMDAwMDAwMDAwMH19",
          "dependencies": [
            "module.vpc.aws_internet_gateway.this",
            "module.vpc.aws_route_table.public",
            "module.vpc.aws_vpc.this",
            "module.vpc.aws_vpc_ipv4_cidr_block_association.this"
          ]
        }
      ]
    },
    {
      "module": "module.vpc",
      "mode": "managed",
      "type": "aws_route_table",
      "name": "private",
      "provider": "provider[\"registry.terraform.io/hashicorp/aws\"]",
      "instances": [
        {
          "index_key": 0,
          "schema_version": 0,
          "attributes": {
            "arn": "arn:aws:ec2:eu-central-1:326779754677:route-table/rtb-057b342fc6a093ce6",
            "id": "rtb-057b342fc6a093ce6",
            "owner_id": "326779754677",
            "propagating_vgws": [],
            "route": [],
            "tags": {
              "Environment": "dev",
              "Name": "my-vpc-private-eu-central-1b",
              "Terraform": "true",
              "creator": "yaya"
            },
            "tags_all": {
              "Environment": "dev",
              "Name": "my-vpc-private-eu-central-1b",
              "Terraform": "true",
              "creator": "yaya"
            },
            "timeouts": null,
            "vpc_id": "vpc-048647a003ac3db45"
          },
          "sensitive_attributes": [],
          "private": "eyJlMmJmYjczMC1lY2FhLTExZTYtOGY4OC0zNDM2M2JjN2M0YzAiOnsiY3JlYXRlIjozMDAwMDAwMDAwMDAsImRlbGV0ZSI6MzAwMDAwMDAwMDAwLCJ1cGRhdGUiOjEyMDAwMDAwMDAwMH19",
          "dependencies": [
            "module.vpc.aws_vpc.this",
            "module.vpc.aws_vpc_ipv4_cidr_block_association.this"
          ]
        }
      ]
    },
    {
      "module": "module.vpc",
      "mode": "managed",
      "type": "aws_route_table",
      "name": "public",
      "provider": "provider[\"registry.terraform.io/hashicorp/aws\"]",
      "instances": [
        {
          "index_key": 0,
          "schema_version": 0,
          "attributes": {
            "arn": "arn:aws:ec2:eu-central-1:326779754677:route-table/rtb-04ba4be62804190b7",
            "id": "rtb-04ba4be62804190b7",
            "owner_id": "326779754677",
            "propagating_vgws": [],
            "route": [],
            "tags": {
              "Environment": "dev",
              "Name": "my-vpc-public",
              "Terraform": "true",
              "creator": "yaya"
            },
            "tags_all": {
              "Environment": "dev",
              "Name": "my-vpc-public",
              "Terraform": "true",
              "creator": "yaya"
            },
            "timeouts": null,
            "vpc_id": "vpc-048647a003ac3db45"
          },
          "sensitive_attributes": [],
          "private": "eyJlMmJmYjczMC1lY2FhLTExZTYtOGY4OC0zNDM2M2JjN2M0YzAiOnsiY3JlYXRlIjozMDAwMDAwMDAwMDAsImRlbGV0ZSI6MzAwMDAwMDAwMDAwLCJ1cGRhdGUiOjEyMDAwMDAwMDAwMH19",
          "dependencies": [
            "module.vpc.aws_vpc.this",
            "module.vpc.aws_vpc_ipv4_cidr_block_association.this"
          ]
        }
      ]
    },
    {
      "module": "module.vpc",
      "mode": "managed",
      "type": "aws_route_table_association",
      "name": "private",
      "provider": "provider[\"registry.terraform.io/hashicorp/aws\"]",
      "instances": [
        {
          "index_key": 0,
          "schema_version": 0,
          "attributes": {
            "gateway_id": "",
            "id": "rtbassoc-0572b88c87d8edf79",
            "route_table_id": "rtb-057b342fc6a093ce6",
            "subnet_id": "subnet-018aeb1368858b4a2",
            "timeouts": null
          },
          "sensitive_attributes": [],
          "private": "eyJlMmJmYjczMC1lY2FhLTExZTYtOGY4OC0zNDM2M2JjN2M0YzAiOnsiY3JlYXRlIjozMDAwMDAwMDAwMDAsImRlbGV0ZSI6MzAwMDAwMDAwMDAwLCJ1cGRhdGUiOjEyMDAwMDAwMDAwMH19",
          "dependencies": [
            "module.vpc.aws_route_table.private",
            "module.vpc.aws_subnet.private",
            "module.vpc.aws_vpc.this",
            "module.vpc.aws_vpc_ipv4_cidr_block_association.this"
          ]
        }
      ]
    },
    {
      "module": "module.vpc",
      "mode": "managed",
      "type": "aws_route_table_association",
      "name": "public",
      "provider": "provider[\"registry.terraform.io/hashicorp/aws\"]",
      "instances": [
        {
          "index_key": 0,
          "schema_version": 0,
          "attributes": {
            "gateway_id": "",
            "id": "rtbassoc-0bb826f21e2cb1cd0",
            "route_table_id": "rtb-04ba4be62804190b7",
            "subnet_id": "subnet-0ec9ae0e2ed0191d4",
            "timeouts": null
          },
          "sensitive_attributes": [],
          "private": "eyJlMmJmYjczMC1lY2FhLTExZTYtOGY4OC0zNDM2M2JjN2M0YzAiOnsiY3JlYXRlIjozMDAwMDAwMDAwMDAsImRlbGV0ZSI6MzAwMDAwMDAwMDAwLCJ1cGRhdGUiOjEyMDAwMDAwMDAwMH19",
          "dependencies": [
            "module.vpc.aws_route_table.public",
            "module.vpc.aws_subnet.public",
            "module.vpc.aws_vpc.this",
            "module.vpc.aws_vpc_ipv4_cidr_block_association.this"
          ]
        }
      ]
    },
    {
      "module": "module.vpc",
      "mode": "managed",
      "type": "aws_subnet",
      "name": "private",
      "provider": "provider[\"registry.terraform.io/hashicorp/aws\"]",
      "instances": [
        {
          "index_key": 0,
          "schema_version": 1,
          "attributes": {
            "arn": "arn:aws:ec2:eu-central-1:326779754677:subnet/subnet-018aeb1368858b4a2",
            "assign_ipv6_address_on_creation": false,
            "availability_zone": "eu-central-1b",
            "availability_zone_id": "euc1-az3",
            "cidr_block": "10.0.1.0/24",
            "customer_owned_ipv4_pool": "",
            "enable_dns64": false,
            "enable_lni_at_device_index": 0,
            "enable_resource_name_dns_a_record_on_launch": false,
            "enable_resource_name_dns_aaaa_record_on_launch": false,
            "id": "subnet-018aeb1368858b4a2",
            "ipv6_cidr_block": "",
            "ipv6_cidr_block_association_id": "",
            "ipv6_native": false,
            "map_customer_owned_ip_on_launch": false,
            "map_public_ip_on_launch": false,
            "outpost_arn": "",
            "owner_id": "326779754677",
            "private_dns_hostname_type_on_launch": "ip-name",
            "tags": {
              "Environment": "dev",
              "Name": "my-vpc-private-eu-central-1b",
              "Terraform": "true",
              "creator": "yaya"
            },
            "tags_all": {
              "Environment": "dev",
              "Name": "my-vpc-private-eu-central-1b",
              "Terraform": "true",
              "creator": "yaya"
            },
            "timeouts": null,
            "vpc_id": "vpc-048647a003ac3db45"
          },
          "sensitive_attributes": [],
          "private": "eyJlMmJmYjczMC1lY2FhLTExZTYtOGY4OC0zNDM2M2JjN2M0YzAiOnsiY3JlYXRlIjo2MDAwMDAwMDAwMDAsImRlbGV0ZSI6MTIwMDAwMDAwMDAwMH0sInNjaGVtYV92ZXJzaW9uIjoiMSJ9",
          "dependencies": [
            "module.vpc.aws_vpc.this",
            "module.vpc.aws_vpc_ipv4_cidr_block_association.this"
          ]
        }
      ]
    },
    {
      "module": "module.vpc",
      "mode": "managed",
      "type": "aws_subnet",
      "name": "public",
      "provider": "provider[\"registry.terraform.io/hashicorp/aws\"]",
      "instances": [
        {
          "index_key": 0,
          "schema_version": 1,
          "attributes": {
            "arn": "arn:aws:ec2:eu-central-1:326779754677:subnet/subnet-0ec9ae0e2ed0191d4",
            "assign_ipv6_address_on_creation": false,
            "availability_zone": "eu-central-1b",
            "availability_zone_id": "euc1-az3",
            "cidr_block": "10.0.101.0/24",
            "customer_owned_ipv4_pool": "",
            "enable_dns64": false,
            "enable_lni_at_device_index": 0,
            "enable_resource_name_dns_a_record_on_launch": false,
            "enable_resource_name_dns_aaaa_record_on_launch": false,
            "id": "subnet-0ec9ae0e2ed0191d4",
            "ipv6_cidr_block": "",
            "ipv6_cidr_block_association_id": "",
            "ipv6_native": false,
            "map_customer_owned_ip_on_launch": false,
            "map_public_ip_on_launch": false,
            "outpost_arn": "",
            "owner_id": "326779754677",
            "private_dns_hostname_type_on_launch": "ip-name",
            "tags": {
              "Environment": "dev",
              "Name": "my-vpc-public-eu-central-1b",
              "Terraform": "true",
              "creator": "yaya"
            },
            "tags_all": {
              "Environment": "dev",
              "Name": "my-vpc-public-eu-central-1b",
              "Terraform": "true",
              "creator": "yaya"
            },
            "timeouts": null,
            "vpc_id": "vpc-048647a003ac3db45"
          },
          "sensitive_attributes": [],
          "private": "eyJlMmJmYjczMC1lY2FhLTExZTYtOGY4OC0zNDM2M2JjN2M0YzAiOnsiY3JlYXRlIjo2MDAwMDAwMDAwMDAsImRlbGV0ZSI6MTIwMDAwMDAwMDAwMH0sInNjaGVtYV92ZXJzaW9uIjoiMSJ9",
          "dependencies": [
            "module.vpc.aws_vpc.this",
            "module.vpc.aws_vpc_ipv4_cidr_block_association.this"
          ]
        }
      ]
    },
    {
      "module": "module.vpc",
      "mode": "managed",
      "type": "aws_vpc",
      "name": "this",
      "provider": "provider[\"registry.terraform.io/hashicorp/aws\"]",
      "instances": [
        {
          "index_key": 0,
          "schema_version": 1,
          "attributes": {
            "arn": "arn:aws:ec2:eu-central-1:326779754677:vpc/vpc-048647a003ac3db45",
            "assign_generated_ipv6_cidr_block": false,
            "cidr_block": "10.0.0.0/16",
            "default_network_acl_id": "acl-0db33c9f6ebe7b475",
            "default_route_table_id": "rtb-0b2bb0b7c392b3715",
            "default_security_group_id": "sg-092eab4b5243d12ee",
            "dhcp_options_id": "dopt-102a477a",
            "enable_dns_hostnames": true,
            "enable_dns_support": true,
            "enable_network_address_usage_metrics": false,
            "id": "vpc-048647a003ac3db45",
            "instance_tenancy": "default",
            "ipv4_ipam_pool_id": null,
            "ipv4_netmask_length": null,
            "ipv6_association_id": "",
            "ipv6_cidr_block": "",
            "ipv6_cidr_block_network_border_group": "",
            "ipv6_ipam_pool_id": "",
            "ipv6_netmask_length": 0,
            "main_route_table_id": "rtb-0b2bb0b7c392b3715",
            "owner_id": "326779754677",
            "tags": {
              "Environment": "dev",
              "Name": "my-vpc",
              "Terraform": "true",
              "creator": "yaya"
            },
            "tags_all": {
              "Environment": "dev",
              "Name": "my-vpc",
              "Terraform": "true",
              "creator": "yaya"
            }
          },
          "sensitive_attributes": [],
          "private": "eyJzY2hlbWFfdmVyc2lvbiI6IjEifQ=="
        }
      ]
    },
    {
      "module": "module.vpc",
      "mode": "managed",
      "type": "aws_vpn_gateway",
      "name": "this",
      "provider": "provider[\"registry.terraform.io/hashicorp/aws\"]",
      "instances": [
        {
          "index_key": 0,
          "schema_version": 0,
          "attributes": {
            "amazon_side_asn": "64512",
            "arn": "arn:aws:ec2:eu-central-1:326779754677:vpn-gateway/vgw-087945fe4815aabdf",
            "availability_zone": null,
            "id": "vgw-087945fe4815aabdf",
            "tags": {
              "Environment": "dev",
              "Name": "my-vpc",
              "Terraform": "true",
              "creator": "yaya"
            },
            "tags_all": {
              "Environment": "dev",
              "Name": "my-vpc",
              "Terraform": "true",
              "creator": "yaya"
            },
            "vpc_id": "vpc-048647a003ac3db45"
          },
          "sensitive_attributes": [],
          "private": "bnVsbA==",
          "dependencies": [
            "module.vpc.aws_vpc.this",
            "module.vpc.aws_vpc_ipv4_cidr_block_association.this"
          ]
        }
      ]
    }
  ],
  "check_results": null
}
